
Microsoft Visual Studio Solution File, Format Version 12.00
# Visual Studio Version 17
VisualStudioVersion = 17.14.36603.0 d17.14
MinimumVisualStudioVersion = 10.0.40219.1
Project("{FAE04EC0-301F-11D3-BF4B-00C04F79EFBC}") = "ConsoleApp6", "ConsoleApp6\ConsoleApp6.csproj", "{2920892F-7B57-4126-878F-326499223165}"
EndProject
Global
	GlobalSection(SolutionConfigurationPlatforms) = preSolution
		Debug|Any CPU = Debug|Any CPU
		Release|Any CPU = Release|Any CPU
	EndGlobalSection
	GlobalSection(ProjectConfigurationPlatforms) = postSolution
		{2920892F-7B57-4126-878F-326499223165}.Debug|Any CPU.ActiveCfg = Debug|Any CPU
		{2920892F-7B57-4126-878F-326499223165}.Debug|Any CPU.Build.0 = Debug|Any CPU
		{2920892F-7B57-4126-878F-326499223165}.Release|Any CPU.ActiveCfg = Release|Any CPU
		{2920892F-7B57-4126-878F-326499223165}.Release|Any CPU.Build.0 = Release|Any CPU
	EndGlobalSection
	GlobalSection(SolutionProperties) = preSolution
		HideSolutionNode = FALSE
	EndGlobalSection
	GlobalSection(ExtensibilityGlobals) = postSolution
		SolutionGuid = {06D54D5B-7489-4D98-AE2F-26BBEFB3F432}
	EndGlobalSection
EndGlobal
